
Microsoft Visual Studio Solution File, Format Version 12.00
# Visual Studio Version 17
VisualStudioVersion = 17.14.36811.4
MinimumVisualStudioVersion = 10.0.40219.1
Project("{FAE04EC0-301F-11D3-BF4B-00C04F79EFBC}") = "MachinaGrasshopper", "MachinaGrasshopper\MachinaGrasshopper.csproj", "{560383E3-79FD-4D9E-9CE6-708C4FA157D1}"
EndProject
Project("{FAE04EC0-301F-11D3-BF4B-00C04F79EFBC}") = "Machina", "..\..\Machina.NET\src\Machina\Machina.csproj", "{22F70B45-0213-DFE5-C981-A0E99671FC25}"
EndProject
Global
	GlobalSection(SolutionConfigurationPlatforms) = preSolution
		Debug|Any CPU = Debug|Any CPU
		Release|Any CPU = Release|Any CPU
	EndGlobalSection
	GlobalSection(ProjectConfigurationPlatforms) = postSolution
		{560383E3-79FD-4D9E-9CE6-708C4FA157D1}.Debug|Any CPU.ActiveCfg = Debug|Any CPU
		{560383E3-79FD-4D9E-9CE6-708C4FA157D1}.Debug|Any CPU.Build.0 = Debug|Any CPU
		{560383E3-79FD-4D9E-9CE6-708C4FA157D1}.Release|Any CPU.ActiveCfg = Release|Any CPU
		{560383E3-79FD-4D9E-9CE6-708C4FA157D1}.Release|Any CPU.Build.0 = Release|Any CPU
		{22F70B45-0213-DFE5-C981-A0E99671FC25}.Debug|Any CPU.ActiveCfg = Debug|Any CPU
		{22F70B45-0213-DFE5-C981-A0E99671FC25}.Debug|Any CPU.Build.0 = Debug|Any CPU
		{22F70B45-0213-DFE5-C981-A0E99671FC25}.Release|Any CPU.ActiveCfg = Release|Any CPU
		{22F70B45-0213-DFE5-C981-A0E99671FC25}.Release|Any CPU.Build.0 = Release|Any CPU
	EndGlobalSection
	GlobalSection(SolutionProperties) = preSolution
		HideSolutionNode = FALSE
	EndGlobalSection
	GlobalSection(ExtensibilityGlobals) = postSolution
		SolutionGuid = {8BAC23EA-8F3A-4DF3-A9D4-F005E4FA75E5}
	EndGlobalSection
EndGlobal
